langcode: en
status: true
dependencies:
  theme:
    - koru
id: sidebarblock
theme: koru
region: sidebar
weight: 0
provider: null
plugin: sidebar_block
settings:
  id: sidebar_block
  label: 'Sidebar block'
  provider: koru_blocks
  label_display: '0'
  context_mapping:
    node: '@node.node_route_context:node'
visibility:
  node_type:
    id: node_type
    bundles:
      page: page
    negate: false
    context_mapping:
      node: '@node.node_route_context:node'
  'entity_bundle:node':
    id: 'entity_bundle:node'
    bundles:
      page: page
    negate: false
    context_mapping:
      node: '@node.node_route_context:node'
